// !$*UTF8*$!
{
	archiveVersion = 1;
	classes = {
	};
	objectVersion = 46;
	objects = {

/* Begin PBXBuildFile section */
		8B4D4B6C1D48513A00AFD689 /* main.m in Sources */ = {isa = PBXBuildFile; fileRef = 8B4D4B6B1D48513A00AFD689 /* main.m */; };
		8B4D4B6F1D48513A00AFD689 /* AppDelegate.m in Sources */ = {isa = PBXBuildFile; fileRef = 8B4D4B6E1D48513A00AFD689 /* AppDelegate.m */; };
		8B4D4B721D48513A00AFD689 /* ViewController.m in Sources */ = {isa = PBXBuildFile; fileRef = 8B4D4B711D48513A00AFD689 /* ViewController.m */; };
		8B4D4B751D48513A00AFD689 /* Main.storyboard in Resources */ = {isa = PBXBuildFile; fileRef = 8B4D4B731D48513A00AFD689 /* Main.storyboard */; };
		8B4D4B771D48513A00AFD689 /* Assets.xcassets in Resources */ = {isa = PBXBuildFile; fileRef = 8B4D4B761D48513A00AFD689 /* Assets.xcassets */; };
		8B4D4B7A1D48513A00AFD689 /* LaunchScreen.storyboard in Resources */ = {isa = PBXBuildFile; fileRef = 8B4D4B781D48513A00AFD689 /* LaunchScreen.storyboard */; };
		8B4D4B8B1D489C7300AFD689 /* AVFoundation.framework in Frameworks */ = {isa = PBXBuildFile; fileRef = 8B4D4B8A1D489C7300AFD689 /* AVFoundation.framework */; };
		8BC98E981D4AF52400ED6D5F /* LJAVPlayerViewController.m in Sources */ = {isa = PBXBuildFile; fileRef = 8BC98E971D4AF52400ED6D5F /* LJAVPlayerViewController.m */; };
		8BC98EBE1D4C775100ED6D5F /* SandBoxFileManager.m in Sources */ = {isa = PBXBuildFile; fileRef = 8BC98EBD1D4C775100ED6D5F /* SandBoxFileManager.m */; };
		8BC98ECC1D4DDF2000ED6D5F /* AssetsLibrary.framework in Frameworks */ = {isa = PBXBuildFile; fileRef = 8BC98ECB1D4DDF2000ED6D5F /* AssetsLibrary.framework */; };
		8BEFC03B1D54301B00574D3B /* AlbumGroupViewController.m in Sources */ = {isa = PBXBuildFile; fileRef = 8BEFC0391D54301B00574D3B /* AlbumGroupViewController.m */; };
		8BEFC03C1D54301B00574D3B /* AlbumGroupViewController.xib in Resources */ = {isa = PBXBuildFile; fileRef = 8BEFC03A1D54301B00574D3B /* AlbumGroupViewController.xib */; };
		8BEFC0401D5436F800574D3B /* AlbumGroupModel.m in Sources */ = {isa = PBXBuildFile; fileRef = 8BEFC03F1D5436F800574D3B /* AlbumGroupModel.m */; };
		8BEFC0441D54383300574D3B /* AlbumGroupTableViewCell.m in Sources */ = {isa = PBXBuildFile; fileRef = 8BEFC0421D54383300574D3B /* AlbumGroupTableViewCell.m */; };
		8BEFC0451D54383300574D3B /* AlbumGroupTableViewCell.xib in Resources */ = {isa = PBXBuildFile; fileRef = 8BEFC0431D54383300574D3B /* AlbumGroupTableViewCell.xib */; };
		8BEFC04D1D543EB000574D3B /* AbumModel.m in Sources */ = {isa = PBXBuildFile; fileRef = 8BEFC04C1D543EB000574D3B /* AbumModel.m */; };
		8BEFC0531D543F1B00574D3B /* AlbumItemModel.m in Sources */ = {isa = PBXBuildFile; fileRef = 8BEFC0521D543F1B00574D3B /* AlbumItemModel.m */; };
		8BEFC0551D546B3D00574D3B /* album_back.png in Resources */ = {isa = PBXBuildFile; fileRef = 8BEFC0541D546B3D00574D3B /* album_back.png */; };
		8BEFC0581D546E0B00574D3B /* AlbumSelectCollectionView.m in Sources */ = {isa = PBXBuildFile; fileRef = 8BEFC0571D546E0B00574D3B /* AlbumSelectCollectionView.m */; };
		8BEFC05C1D546FF700574D3B /* AlbumCollectionViewCell.m in Sources */ = {isa = PBXBuildFile; fileRef = 8BEFC05A1D546FF700574D3B /* AlbumCollectionViewCell.m */; };
		8BEFC05D1D546FF700574D3B /* AlbumCollectionViewCell.xib in Resources */ = {isa = PBXBuildFile; fileRef = 8BEFC05B1D546FF700574D3B /* AlbumCollectionViewCell.xib */; };
		8BEFC0611D5477D100574D3B /* AlbumPickViewController.m in Sources */ = {isa = PBXBuildFile; fileRef = 8BEFC05F1D5477D100574D3B /* AlbumPickViewController.m */; };
		8BEFC0621D5477D100574D3B /* AlbumPickViewController.xib in Resources */ = {isa = PBXBuildFile; fileRef = 8BEFC0601D5477D100574D3B /* AlbumPickViewController.xib */; };
		8BEFC0661D547FC100574D3B /* album_group_right@2x.png in Resources */ = {isa = PBXBuildFile; fileRef = 8BEFC0631D547FC100574D3B /* album_group_right@2x.png */; };
		8BEFC0671D547FC100574D3B /* album_selected@2x.png in Resources */ = {isa = PBXBuildFile; fileRef = 8BEFC0641D547FC100574D3B /* album_selected@2x.png */; };
		8BEFC0681D547FC100574D3B /* album_unselected@2x.png in Resources */ = {isa = PBXBuildFile; fileRef = 8BEFC0651D547FC100574D3B /* album_unselected@2x.png */; };
		8BEFC06B1D54830D00574D3B /* icon_movie@2x.png in Resources */ = {isa = PBXBuildFile; fileRef = 8BEFC0691D54830D00574D3B /* icon_movie@2x.png */; };
		8BEFC06C1D54830D00574D3B /* icon_picture@2x.png in Resources */ = {isa = PBXBuildFile; fileRef = 8BEFC06A1D54830D00574D3B /* icon_picture@2x.png */; };
		8BEFC06F1D54DB1D00574D3B /* AssetsLibraryUtils.m in Sources */ = {isa = PBXBuildFile; fileRef = 8BEFC06E1D54DB1D00574D3B /* AssetsLibraryUtils.m */; };
		8BEFC07F1D54DC4800574D3B /* FileManageViewController.m in Sources */ = {isa = PBXBuildFile; fileRef = 8BEFC0721D54DC4800574D3B /* FileManageViewController.m */; };
		8BEFC0801D54DC4800574D3B /* FileManageViewController.xib in Resources */ = {isa = PBXBuildFile; fileRef = 8BEFC0731D54DC4800574D3B /* FileManageViewController.xib */; };
		8BEFC0811D54DC4800574D3B /* FileModel.m in Sources */ = {isa = PBXBuildFile; fileRef = 8BEFC0761D54DC4800574D3B /* FileModel.m */; };
		8BEFC0831D54DC4800574D3B /* FilesListHeaderView.m in Sources */ = {isa = PBXBuildFile; fileRef = 8BEFC07A1D54DC4800574D3B /* FilesListHeaderView.m */; };
		8BEFC0841D54DC4800574D3B /* FilesListHeaderView.xib in Resources */ = {isa = PBXBuildFile; fileRef = 8BEFC07B1D54DC4800574D3B /* FilesListHeaderView.xib */; };
		8BEFC0851D54DC4800574D3B /* FileTableViewCell.m in Sources */ = {isa = PBXBuildFile; fileRef = 8BEFC07D1D54DC4800574D3B /* FileTableViewCell.m */; };
		8BEFC0861D54DC4800574D3B /* FileTableViewCell.xib in Resources */ = {isa = PBXBuildFile; fileRef = 8BEFC07E1D54DC4800574D3B /* FileTableViewCell.xib */; };
		8BEFC08F1D54DF2D00574D3B /* BaseMediaPickerViewController.m in Sources */ = {isa = PBXBuildFile; fileRef = 8BEFC08E1D54DF2D00574D3B /* BaseMediaPickerViewController.m */; };
		8BEFC0991D54E43900574D3B /* back_folder@2x.png in Resources */ = {isa = PBXBuildFile; fileRef = 8BEFC0911D54E43900574D3B /* back_folder@2x.png */; };
		8BEFC09A1D54E43900574D3B /* cancel@2x.png in Resources */ = {isa = PBXBuildFile; fileRef = 8BEFC0921D54E43900574D3B /* cancel@2x.png */; };
		8BEFC09B1D54E43900574D3B /* checkbox_selected@2x.png in Resources */ = {isa = PBXBuildFile; fileRef = 8BEFC0931D54E43900574D3B /* checkbox_selected@2x.png */; };
		8BEFC09C1D54E43900574D3B /* checkbox_unselected@2x.png in Resources */ = {isa = PBXBuildFile; fileRef = 8BEFC0941D54E43900574D3B /* checkbox_unselected@2x.png */; };
		8BEFC09D1D54E43900574D3B /* ico_arrow_right@2x.png in Resources */ = {isa = PBXBuildFile; fileRef = 8BEFC0951D54E43900574D3B /* ico_arrow_right@2x.png */; };
		8BEFC09E1D54E43900574D3B /* ico_file_common@2x.png in Resources */ = {isa = PBXBuildFile; fileRef = 8BEFC0961D54E43900574D3B /* ico_file_common@2x.png */; };
		8BEFC09F1D54E43900574D3B /* ico_folder@2x.png in Resources */ = {isa = PBXBuildFile; fileRef = 8BEFC0971D54E43900574D3B /* ico_folder@2x.png */; };
		8BEFC0A01D54E43900574D3B /* more@2x.png in Resources */ = {isa = PBXBuildFile; fileRef = 8BEFC0981D54E43900574D3B /* more@2x.png */; };
		8BEFC0A61D54E53E00574D3B /* back@2x.png in Resources */ = {isa = PBXBuildFile; fileRef = 8BEFC0A21D54E53E00574D3B /* back@2x.png */; };
		8BEFC0A71D54E53E00574D3B /* pause@2x.png in Resources */ = {isa = PBXBuildFile; fileRef = 8BEFC0A31D54E53E00574D3B /* pause@2x.png */; };
		8BEFC0A81D54E53E00574D3B /* play@2x.png in Resources */ = {isa = PBXBuildFile; fileRef = 8BEFC0A41D54E53E00574D3B /* play@2x.png */; };
		8BEFC0A91D54E53E00574D3B /* slide_indecator@2x.png in Resources */ = {isa = PBXBuildFile; fileRef = 8BEFC0A51D54E53E00574D3B /* slide_indecator@2x.png */; };
/* End PBXBuildFile section */

/* Begin PBXFileReference section */
		8B4D4B671D48513A00AFD689 /* MoviePlayer.app */ = {isa = PBXFileReference; explicitFileType = wrapper.application; includeInIndex = 0; path = MoviePlayer.app; sourceTree = BUILT_PRODUCTS_DIR; };
		8B4D4B6B1D48513A00AFD689 /* main.m */ = {isa = PBXFileReference; lastKnownFileType = sourcecode.c.objc; path = main.m; sourceTree = "<group>"; };
		8B4D4B6D1D48513A00AFD689 /* AppDelegate.h */ = {isa = PBXFileReference; lastKnownFileType = sourcecode.c.h; path = AppDelegate.h; sourceTree = "<group>"; };
		8B4D4B6E1D48513A00AFD689 /* AppDelegate.m */ = {isa = PBXFileReference; lastKnownFileType = sourcecode.c.objc; path = AppDelegate.m; sourceTree = "<group>"; };
		8B4D4B701D48513A00AFD689 /* ViewController.h */ = {isa = PBXFileReference; lastKnownFileType = sourcecode.c.h; path = ViewController.h; sourceTree = "<group>"; };
		8B4D4B711D48513A00AFD689 /* ViewController.m */ = {isa = PBXFileReference; lastKnownFileType = sourcecode.c.objc; path = ViewController.m; sourceTree = "<group>"; };
		8B4D4B741D48513A00AFD689 /* Base */ = {isa = PBXFileReference; lastKnownFileType = file.storyboard; name = Base; path = Base.lproj/Main.storyboard; sourceTree = "<group>"; };
		8B4D4B761D48513A00AFD689 /* Assets.xcassets */ = {isa = PBXFileReference; lastKnownFileType = folder.assetcatalog; path = Assets.xcassets; sourceTree = "<group>"; };
		8B4D4B791D48513A00AFD689 /* Base */ = {isa = PBXFileReference; lastKnownFileType = file.storyboard; name = Base; path = Base.lproj/LaunchScreen.storyboard; sourceTree = "<group>"; };
		8B4D4B7B1D48513A00AFD689 /* Info.plist */ = {isa = PBXFileReference; lastKnownFileType = text.plist.xml; path = Info.plist; sourceTree = "<group>"; };
		8B4D4B8A1D489C7300AFD689 /* AVFoundation.framework */ = {isa = PBXFileReference; lastKnownFileType = wrapper.framework; name = AVFoundation.framework; path = System/Library/Frameworks/AVFoundation.framework; sourceTree = SDKROOT; };
		8BC98E961D4AF52400ED6D5F /* LJAVPlayerViewController.h */ = {isa = PBXFileReference; fileEncoding = 4; lastKnownFileType = sourcecode.c.h; path = LJAVPlayerViewController.h; sourceTree = "<group>"; };
		8BC98E971D4AF52400ED6D5F /* LJAVPlayerViewController.m */ = {isa = PBXFileReference; fileEncoding = 4; lastKnownFileType = sourcecode.c.objc; path = LJAVPlayerViewController.m; sourceTree = "<group>"; };
		8BC98EBC1D4C775100ED6D5F /* SandBoxFileManager.h */ = {isa = PBXFileReference; fileEncoding = 4; lastKnownFileType = sourcecode.c.h; path = SandBoxFileManager.h; sourceTree = "<group>"; };
		8BC98EBD1D4C775100ED6D5F /* SandBoxFileManager.m */ = {isa = PBXFileReference; fileEncoding = 4; lastKnownFileType = sourcecode.c.objc; path = SandBoxFileManager.m; sourceTree = "<group>"; };
		8BC98ECB1D4DDF2000ED6D5F /* AssetsLibrary.framework */ = {isa = PBXFileReference; lastKnownFileType = wrapper.framework; name = AssetsLibrary.framework; path = System/Library/Frameworks/AssetsLibrary.framework; sourceTree = SDKROOT; };
		8BEFC0381D54301B00574D3B /* AlbumGroupViewController.h */ = {isa = PBXFileReference; fileEncoding = 4; lastKnownFileType = sourcecode.c.h; path = AlbumGroupViewController.h; sourceTree = "<group>"; };
		8BEFC0391D54301B00574D3B /* AlbumGroupViewController.m */ = {isa = PBXFileReference; fileEncoding = 4; lastKnownFileType = sourcecode.c.objc; path = AlbumGroupViewController.m; sourceTree = "<group>"; };
		8BEFC03A1D54301B00574D3B /* AlbumGroupViewController.xib */ = {isa = PBXFileReference; fileEncoding = 4; lastKnownFileType = file.xib; path = AlbumGroupViewController.xib; sourceTree = "<group>"; };
		8BEFC03E1D5436F800574D3B /* AlbumGroupModel.h */ = {isa = PBXFileReference; fileEncoding = 4; lastKnownFileType = sourcecode.c.h; path = AlbumGroupModel.h; sourceTree = "<group>"; };
		8BEFC03F1D5436F800574D3B /* AlbumGroupModel.m */ = {isa = PBXFileReference; fileEncoding = 4; lastKnownFileType = sourcecode.c.objc; path = AlbumGroupModel.m; sourceTree = "<group>"; };
		8BEFC0411D54383300574D3B /* AlbumGroupTableViewCell.h */ = {isa = PBXFileReference; fileEncoding = 4; lastKnownFileType = sourcecode.c.h; path = AlbumGroupTableViewCell.h; sourceTree = "<group>"; };
		8BEFC0421D54383300574D3B /* AlbumGroupTableViewCell.m */ = {isa = PBXFileReference; fileEncoding = 4; lastKnownFileType = sourcecode.c.objc; path = AlbumGroupTableViewCell.m; sourceTree = "<group>"; };
		8BEFC0431D54383300574D3B /* AlbumGroupTableViewCell.xib */ = {isa = PBXFileReference; fileEncoding = 4; lastKnownFileType = file.xib; path = AlbumGroupTableViewCell.xib; sourceTree = "<group>"; };
		8BEFC04B1D543EB000574D3B /* AbumModel.h */ = {isa = PBXFileReference; fileEncoding = 4; lastKnownFileType = sourcecode.c.h; path = AbumModel.h; sourceTree = "<group>"; };
		8BEFC04C1D543EB000574D3B /* AbumModel.m */ = {isa = PBXFileReference; fileEncoding = 4; lastKnownFileType = sourcecode.c.objc; path = AbumModel.m; sourceTree = "<group>"; };
		8BEFC0511D543F1B00574D3B /* AlbumItemModel.h */ = {isa = PBXFileReference; fileEncoding = 4; lastKnownFileType = sourcecode.c.h; path = AlbumItemModel.h; sourceTree = "<group>"; };
		8BEFC0521D543F1B00574D3B /* AlbumItemModel.m */ = {isa = PBXFileReference; fileEncoding = 4; lastKnownFileType = sourcecode.c.objc; path = AlbumItemModel.m; sourceTree = "<group>"; };
		8BEFC0541D546B3D00574D3B /* album_back.png */ = {isa = PBXFileReference; lastKnownFileType = image.png; path = album_back.png; sourceTree = "<group>"; };
		8BEFC0561D546E0B00574D3B /* AlbumSelectCollectionView.h */ = {isa = PBXFileReference; fileEncoding = 4; lastKnownFileType = sourcecode.c.h; path = AlbumSelectCollectionView.h; sourceTree = "<group>"; };
		8BEFC0571D546E0B00574D3B /* AlbumSelectCollectionView.m */ = {isa = PBXFileReference; fileEncoding = 4; lastKnownFileType = sourcecode.c.objc; path = AlbumSelectCollectionView.m; sourceTree = "<group>"; };
		8BEFC0591D546FF700574D3B /* AlbumCollectionViewCell.h */ = {isa = PBXFileReference; fileEncoding = 4; lastKnownFileType = sourcecode.c.h; path = AlbumCollectionViewCell.h; sourceTree = "<group>"; };
		8BEFC05A1D546FF700574D3B /* AlbumCollectionViewCell.m */ = {isa = PBXFileReference; fileEncoding = 4; lastKnownFileType = sourcecode.c.objc; path = AlbumCollectionViewCell.m; sourceTree = "<group>"; };
		8BEFC05B1D546FF700574D3B /* AlbumCollectionViewCell.xib */ = {isa = PBXFileReference; fileEncoding = 4; lastKnownFileType = file.xib; path = AlbumCollectionViewCell.xib; sourceTree = "<group>"; };
		8BEFC05E1D5477D100574D3B /* AlbumPickViewController.h */ = {isa = PBXFileReference; fileEncoding = 4; lastKnownFileType = sourcecode.c.h; path = AlbumPickViewController.h; sourceTree = "<group>"; };
		8BEFC05F1D5477D100574D3B /* AlbumPickViewController.m */ = {isa = PBXFileReference; fileEncoding = 4; lastKnownFileType = sourcecode.c.objc; path = AlbumPickViewController.m; sourceTree = "<group>"; };
		8BEFC0601D5477D100574D3B /* AlbumPickViewController.xib */ = {isa = PBXFileReference; fileEncoding = 4; lastKnownFileType = file.xib; path = AlbumPickViewController.xib; sourceTree = "<group>"; };
		8BEFC0631D547FC100574D3B /* album_group_right@2x.png */ = {isa = PBXFileReference; lastKnownFileType = image.png; path = "album_group_right@2x.png"; sourceTree = "<group>"; };
		8BEFC0641D547FC100574D3B /* album_selected@2x.png */ = {isa = PBXFileReference; lastKnownFileType = image.png; path = "album_selected@2x.png"; sourceTree = "<group>"; };
		8BEFC0651D547FC100574D3B /* album_unselected@2x.png */ = {isa = PBXFileReference; lastKnownFileType = image.png; path = "album_unselected@2x.png"; sourceTree = "<group>"; };
		8BEFC0691D54830D00574D3B /* icon_movie@2x.png */ = {isa = PBXFileReference; lastKnownFileType = image.png; path = "icon_movie@2x.png"; sourceTree = "<group>"; };
		8BEFC06A1D54830D00574D3B /* icon_picture@2x.png */ = {isa = PBXFileReference; lastKnownFileType = image.png; path = "icon_picture@2x.png"; sourceTree = "<group>"; };
		8BEFC06D1D54DB1D00574D3B /* AssetsLibraryUtils.h */ = {isa = PBXFileReference; fileEncoding = 4; lastKnownFileType = sourcecode.c.h; path = AssetsLibraryUtils.h; sourceTree = "<group>"; };
		8BEFC06E1D54DB1D00574D3B /* AssetsLibraryUtils.m */ = {isa = PBXFileReference; fileEncoding = 4; lastKnownFileType = sourcecode.c.objc; path = AssetsLibraryUtils.m; sourceTree = "<group>"; };
		8BEFC0711D54DC4800574D3B /* FileManageViewController.h */ = {isa = PBXFileReference; fileEncoding = 4; lastKnownFileType = sourcecode.c.h; path = FileManageViewController.h; sourceTree = "<group>"; };
		8BEFC0721D54DC4800574D3B /* FileManageViewController.m */ = {isa = PBXFileReference; fileEncoding = 4; lastKnownFileType = sourcecode.c.objc; path = FileManageViewController.m; sourceTree = "<group>"; };
		8BEFC0731D54DC4800574D3B /* FileManageViewController.xib */ = {isa = PBXFileReference; fileEncoding = 4; lastKnownFileType = file.xib; path = FileManageViewController.xib; sourceTree = "<group>"; };
		8BEFC0751D54DC4800574D3B /* FileModel.h */ = {isa = PBXFileReference; fileEncoding = 4; lastKnownFileType = sourcecode.c.h; path = FileModel.h; sourceTree = "<group>"; };
		8BEFC0761D54DC4800574D3B /* FileModel.m */ = {isa = PBXFileReference; fileEncoding = 4; lastKnownFileType = sourcecode.c.objc; path = FileModel.m; sourceTree = "<group>"; };
		8BEFC0791D54DC4800574D3B /* FilesListHeaderView.h */ = {isa = PBXFileReference; fileEncoding = 4; lastKnownFileType = sourcecode.c.h; path = FilesListHeaderView.h; sourceTree = "<group>"; };
		8BEFC07A1D54DC4800574D3B /* FilesListHeaderView.m */ = {isa = PBXFileReference; fileEncoding = 4; lastKnownFileType = sourcecode.c.objc; path = FilesListHeaderView.m; sourceTree = "<group>"; };
		8BEFC07B1D54DC4800574D3B /* FilesListHeaderView.xib */ = {isa = PBXFileReference; fileEncoding = 4; lastKnownFileType = file.xib; path = FilesListHeaderView.xib; sourceTree = "<group>"; };
		8BEFC07C1D54DC4800574D3B /* FileTableViewCell.h */ = {isa = PBXFileReference; fileEncoding = 4; lastKnownFileType = sourcecode.c.h; path = FileTableViewCell.h; sourceTree = "<group>"; };
		8BEFC07D1D54DC4800574D3B /* FileTableViewCell.m */ = {isa = PBXFileReference; fileEncoding = 4; lastKnownFileType = sourcecode.c.objc; path = FileTableViewCell.m; sourceTree = "<group>"; };
		8BEFC07E1D54DC4800574D3B /* FileTableViewCell.xib */ = {isa = PBXFileReference; fileEncoding = 4; lastKnownFileType = file.xib; path = FileTableViewCell.xib; sourceTree = "<group>"; };
		8BEFC08D1D54DF2D00574D3B /* BaseMediaPickerViewController.h */ = {isa = PBXFileReference; fileEncoding = 4; lastKnownFileType = sourcecode.c.h; path = BaseMediaPickerViewController.h; sourceTree = "<group>"; };
		8BEFC08E1D54DF2D00574D3B /* BaseMediaPickerViewController.m */ = {isa = PBXFileReference; fileEncoding = 4; lastKnownFileType = sourcecode.c.objc; path = BaseMediaPickerViewController.m; sourceTree = "<group>"; };
		8BEFC0911D54E43900574D3B /* back_folder@2x.png */ = {isa = PBXFileReference; lastKnownFileType = image.png; path = "back_folder@2x.png"; sourceTree = "<group>"; };
		8BEFC0921D54E43900574D3B /* cancel@2x.png */ = {isa = PBXFileReference; lastKnownFileType = image.png; path = "cancel@2x.png"; sourceTree = "<group>"; };
		8BEFC0931D54E43900574D3B /* checkbox_selected@2x.png */ = {isa = PBXFileReference; lastKnownFileType = image.png; path = "checkbox_selected@2x.png"; sourceTree = "<group>"; };
		8BEFC0941D54E43900574D3B /* checkbox_unselected@2x.png */ = {isa = PBXFileReference; lastKnownFileType = image.png; path = "checkbox_unselected@2x.png"; sourceTree = "<group>"; };
		8BEFC0951D54E43900574D3B /* ico_arrow_right@2x.png */ = {isa = PBXFileReference; lastKnownFileType = image.png; path = "ico_arrow_right@2x.png"; sourceTree = "<group>"; };
		8BEFC0961D54E43900574D3B /* ico_file_common@2x.png */ = {isa = PBXFileReference; lastKnownFileType = image.png; path = "ico_file_common@2x.png"; sourceTree = "<group>"; };
		8BEFC0971D54E43900574D3B /* ico_folder@2x.png */ = {isa = PBXFileReference; lastKnownFileType = image.png; path = "ico_folder@2x.png"; sourceTree = "<group>"; };
		8BEFC0981D54E43900574D3B /* more@2x.png */ = {isa = PBXFileReference; lastKnownFileType = image.png; path = "more@2x.png"; sourceTree = "<group>"; };
		8BEFC0A21D54E53E00574D3B /* back@2x.png */ = {isa = PBXFileReference; lastKnownFileType = image.png; path = "back@2x.png"; sourceTree = "<group>"; };
		8BEFC0A31D54E53E00574D3B /* pause@2x.png */ = {isa = PBXFileReference; lastKnownFileType = image.png; path = "pause@2x.png"; sourceTree = "<group>"; };
		8BEFC0A41D54E53E00574D3B /* play@2x.png */ = {isa = PBXFileReference; lastKnownFileType = image.png; path = "play@2x.png"; sourceTree = "<group>"; };
		8BEFC0A51D54E53E00574D3B /* slide_indecator@2x.png */ = {isa = PBXFileReference; lastKnownFileType = image.png; path = "slide_indecator@2x.png"; sourceTree = "<group>"; };
/* End PBXFileReference section */

/* Begin PBXFrameworksBuildPhase section */
		8B4D4B641D48513A00AFD689 /* Frameworks */ = {
			isa = PBXFrameworksBuildPhase;
			buildActionMask = 2147483647;
			files = (
				8BC98ECC1D4DDF2000ED6D5F /* AssetsLibrary.framework in Frameworks */,
				8B4D4B8B1D489C7300AFD689 /* AVFoundation.framework in Frameworks */,
			);
			runOnlyForDeploymentPostprocessing = 0;
		};
/* End PBXFrameworksBuildPhase section */

/* Begin PBXGroup section */
		8B4D4B5E1D48513900AFD689 = {
			isa = PBXGroup;
			children = (
				8BC98ECB1D4DDF2000ED6D5F /* AssetsLibrary.framework */,
				8B4D4B8A1D489C7300AFD689 /* AVFoundation.framework */,
				8B4D4B691D48513A00AFD689 /* MoviePlayer */,
				8B4D4B681D48513A00AFD689 /* Products */,
			);
			sourceTree = "<group>";
		};
		8B4D4B681D48513A00AFD689 /* Products */ = {
			isa = PBXGroup;
			children = (
				8B4D4B671D48513A00AFD689 /* MoviePlayer.app */,
			);
			name = Products;
			sourceTree = "<group>";
		};
		8B4D4B691D48513A00AFD689 /* MoviePlayer */ = {
			isa = PBXGroup;
			children = (
				8BEFC0341D542FC900574D3B /* LJAlbumPicker */,
				8BC98E9F1D4B9C6B00ED6D5F /* LJFileManager */,
				8B4D4BAC1D49B3C400AFD689 /* LJAVPlayer */,
				8B4D4B6D1D48513A00AFD689 /* AppDelegate.h */,
				8B4D4B6E1D48513A00AFD689 /* AppDelegate.m */,
				8B4D4B701D48513A00AFD689 /* ViewController.h */,
				8B4D4B711D48513A00AFD689 /* ViewController.m */,
				8B4D4B731D48513A00AFD689 /* Main.storyboard */,
				8B4D4B761D48513A00AFD689 /* Assets.xcassets */,
				8B4D4B781D48513A00AFD689 /* LaunchScreen.storyboard */,
				8B4D4B7B1D48513A00AFD689 /* Info.plist */,
				8B4D4B6A1D48513A00AFD689 /* Supporting Files */,
			);
			path = MoviePlayer;
			sourceTree = "<group>";
		};
		8B4D4B6A1D48513A00AFD689 /* Supporting Files */ = {
			isa = PBXGroup;
			children = (
				8B4D4B6B1D48513A00AFD689 /* main.m */,
			);
			name = "Supporting Files";
			sourceTree = "<group>";
		};
		8B4D4BAC1D49B3C400AFD689 /* LJAVPlayer */ = {
			isa = PBXGroup;
			children = (
				8BEFC0A11D54E53E00574D3B /* Images */,
				8BC98E961D4AF52400ED6D5F /* LJAVPlayerViewController.h */,
				8BC98E971D4AF52400ED6D5F /* LJAVPlayerViewController.m */,
			);
			path = LJAVPlayer;
			sourceTree = "<group>";
		};
		8BC98E9F1D4B9C6B00ED6D5F /* LJFileManager */ = {
			isa = PBXGroup;
			children = (
				8BEFC0701D54DC4800574D3B /* Controllers */,
				8BEFC0741D54DC4800574D3B /* Models */,
				8BEFC0771D54DC4800574D3B /* Views */,
				8BC98EBC1D4C775100ED6D5F /* SandBoxFileManager.h */,
				8BC98EBD1D4C775100ED6D5F /* SandBoxFileManager.m */,
			);
			path = LJFileManager;
			sourceTree = "<group>";
		};
		8BEFC0341D542FC900574D3B /* LJAlbumPicker */ = {
			isa = PBXGroup;
			children = (
				8BEFC0351D542FC900574D3B /* Controllers */,
				8BEFC0361D542FC900574D3B /* Models */,
				8BEFC0371D542FC900574D3B /* Views */,
				8BEFC06D1D54DB1D00574D3B /* AssetsLibraryUtils.h */,
				8BEFC06E1D54DB1D00574D3B /* AssetsLibraryUtils.m */,
			);
			path = LJAlbumPicker;
			sourceTree = "<group>";
		};
		8BEFC0351D542FC900574D3B /* Controllers */ = {
			isa = PBXGroup;
			children = (
				8BEFC08D1D54DF2D00574D3B /* BaseMediaPickerViewController.h */,
				8BEFC08E1D54DF2D00574D3B /* BaseMediaPickerViewController.m */,
				8BEFC0381D54301B00574D3B /* AlbumGroupViewController.h */,
				8BEFC0391D54301B00574D3B /* AlbumGroupViewController.m */,
				8BEFC03A1D54301B00574D3B /* AlbumGroupViewController.xib */,
				8BEFC05E1D5477D100574D3B /* AlbumPickViewController.h */,
				8BEFC05F1D5477D100574D3B /* AlbumPickViewController.m */,
				8BEFC0601D5477D100574D3B /* AlbumPickViewController.xib */,
			);
			path = Controllers;
			sourceTree = "<group>";
		};
		8BEFC0361D542FC900574D3B /* Models */ = {
			isa = PBXGroup;
			children = (
				8BEFC03E1D5436F800574D3B /* AlbumGroupModel.h */,
				8BEFC03F1D5436F800574D3B /* AlbumGroupModel.m */,
				8BEFC04B1D543EB000574D3B /* AbumModel.h */,
				8BEFC04C1D543EB000574D3B /* AbumModel.m */,
				8BEFC0511D543F1B00574D3B /* AlbumItemModel.h */,
				8BEFC0521D543F1B00574D3B /* AlbumItemModel.m */,
			);
			path = Models;
			sourceTree = "<group>";
		};
		8BEFC0371D542FC900574D3B /* Views */ = {
			isa = PBXGroup;
			children = (
				8BEFC0481D543AB900574D3B /* Images */,
				8BEFC0411D54383300574D3B /* AlbumGroupTableViewCell.h */,
				8BEFC0421D54383300574D3B /* AlbumGroupTableViewCell.m */,
				8BEFC0431D54383300574D3B /* AlbumGroupTableViewCell.xib */,
				8BEFC0561D546E0B00574D3B /* AlbumSelectCollectionView.h */,
				8BEFC0571D546E0B00574D3B /* AlbumSelectCollectionView.m */,
				8BEFC0591D546FF700574D3B /* AlbumCollectionViewCell.h */,
				8BEFC05A1D546FF700574D3B /* AlbumCollectionViewCell.m */,
				8BEFC05B1D546FF700574D3B /* AlbumCollectionViewCell.xib */,
			);
			path = Views;
			sourceTree = "<group>";
		};
		8BEFC0481D543AB900574D3B /* Images */ = {
			isa = PBXGroup;
			children = (
				8BEFC0691D54830D00574D3B /* icon_movie@2x.png */,
				8BEFC06A1D54830D00574D3B /* icon_picture@2x.png */,
				8BEFC0631D547FC100574D3B /* album_group_right@2x.png */,
				8BEFC0641D547FC100574D3B /* album_selected@2x.png */,
				8BEFC0651D547FC100574D3B /* album_unselected@2x.png */,
				8BEFC0541D546B3D00574D3B /* album_back.png */,
			);
			path = Images;
			sourceTree = "<group>";
		};
		8BEFC0701D54DC4800574D3B /* Controllers */ = {
			isa = PBXGroup;
			children = (
				8BEFC0711D54DC4800574D3B /* FileManageViewController.h */,
				8BEFC0721D54DC4800574D3B /* FileManageViewController.m */,
				8BEFC0731D54DC4800574D3B /* FileManageViewController.xib */,
			);
			path = Controllers;
			sourceTree = "<group>";
		};
		8BEFC0741D54DC4800574D3B /* Models */ = {
			isa = PBXGroup;
			children = (
				8BEFC0751D54DC4800574D3B /* FileModel.h */,
				8BEFC0761D54DC4800574D3B /* FileModel.m */,
			);
			path = Models;
			sourceTree = "<group>";
		};
		8BEFC0771D54DC4800574D3B /* Views */ = {
			isa = PBXGroup;
			children = (
				8BEFC0901D54E43900574D3B /* Images */,
				8BEFC0791D54DC4800574D3B /* FilesListHeaderView.h */,
				8BEFC07A1D54DC4800574D3B /* FilesListHeaderView.m */,
				8BEFC07B1D54DC4800574D3B /* FilesListHeaderView.xib */,
				8BEFC07C1D54DC4800574D3B /* FileTableViewCell.h */,
				8BEFC07D1D54DC4800574D3B /* FileTableViewCell.m */,
				8BEFC07E1D54DC4800574D3B /* FileTableViewCell.xib */,
			);
			path = Views;
			sourceTree = "<group>";
		};
		8BEFC0901D54E43900574D3B /* Images */ = {
			isa = PBXGroup;
			children = (
				8BEFC0911D54E43900574D3B /* back_folder@2x.png */,
				8BEFC0921D54E43900574D3B /* cancel@2x.png */,
				8BEFC0931D54E43900574D3B /* checkbox_selected@2x.png */,
				8BEFC0941D54E43900574D3B /* checkbox_unselected@2x.png */,
				8BEFC0951D54E43900574D3B /* ico_arrow_right@2x.png */,
				8BEFC0961D54E43900574D3B /* ico_file_common@2x.png */,
				8BEFC0971D54E43900574D3B /* ico_folder@2x.png */,
				8BEFC0981D54E43900574D3B /* more@2x.png */,
			);
			path = Images;
			sourceTree = "<group>";
		};
		8BEFC0A11D54E53E00574D3B /* Images */ = {
			isa = PBXGroup;
			children = (
				8BEFC0A21D54E53E00574D3B /* back@2x.png */,
				8BEFC0A31D54E53E00574D3B /* pause@2x.png */,
				8BEFC0A41D54E53E00574D3B /* play@2x.png */,
				8BEFC0A51D54E53E00574D3B /* slide_indecator@2x.png */,
			);
			path = Images;
			sourceTree = "<group>";
		};
/* End PBXGroup section */

/* Begin PBXNativeTarget section */
		8B4D4B661D48513A00AFD689 /* MoviePlayer */ = {
			isa = PBXNativeTarget;
			buildConfigurationList = 8B4D4B7E1D48513A00AFD689 /* Build configuration list for PBXNativeTarget "MoviePlayer" */;
			buildPhases = (
				8B4D4B631D48513A00AFD689 /* Sources */,
				8B4D4B641D48513A00AFD689 /* Frameworks */,
				8B4D4B651D48513A00AFD689 /* Resources */,
			);
			buildRules = (
			);
			dependencies = (
			);
			name = MoviePlayer;
			productName = MoviePlayer;
			productReference = 8B4D4B671D48513A00AFD689 /* MoviePlayer.app */;
			productType = "com.apple.product-type.application";
		};
/* End PBXNativeTarget section */

/* Begin PBXProject section */
		8B4D4B5F1D48513900AFD689 /* Project object */ = {
			isa = PBXProject;
			attributes = {
				LastUpgradeCheck = 0730;
				ORGANIZATIONNAME = cn.ljj;
				TargetAttributes = {
					8B4D4B661D48513A00AFD689 = {
						CreatedOnToolsVersion = 7.3.1;
					};
				};
			};
			buildConfigurationList = 8B4D4B621D48513900AFD689 /* Build configuration list for PBXProject "MoviePlayer" */;
			compatibilityVersion = "Xcode 3.2";
			developmentRegion = English;
			hasScannedForEncodings = 0;
			knownRegions = (
				en,
				Base,
			);
			mainGroup = 8B4D4B5E1D48513900AFD689;
			productRefGroup = 8B4D4B681D48513A00AFD689 /* Products */;
			projectDirPath = "";
			projectRoot = "";
			targets = (
				8B4D4B661D48513A00AFD689 /* MoviePlayer */,
			);
		};
/* End PBXProject section */

/* Begin PBXResourcesBuildPhase section */
		8B4D4B651D48513A00AFD689 /* Resources */ = {
			isa = PBXResourcesBuildPhase;
			buildActionMask = 2147483647;
			files = (
				8BEFC09B1D54E43900574D3B /* checkbox_selected@2x.png in Resources */,
				8BEFC0841D54DC4800574D3B /* FilesListHeaderView.xib in Resources */,
				8BEFC0A81D54E53E00574D3B /* play@2x.png in Resources */,
				8BEFC03C1D54301B00574D3B /* AlbumGroupViewController.xib in Resources */,
				8B4D4B7A1D48513A00AFD689 /* LaunchScreen.storyboard in Resources */,
				8BEFC09F1D54E43900574D3B /* ico_folder@2x.png in Resources */,
				8BEFC0451D54383300574D3B /* AlbumGroupTableViewCell.xib in Resources */,
				8BEFC09D1D54E43900574D3B /* ico_arrow_right@2x.png in Resources */,
				8BEFC0A71D54E53E00574D3B /* pause@2x.png in Resources */,
				8BEFC0A61D54E53E00574D3B /* back@2x.png in Resources */,
				8BEFC0801D54DC4800574D3B /* FileManageViewController.xib in Resources */,
				8BEFC09E1D54E43900574D3B /* ico_file_common@2x.png in Resources */,
				8BEFC0A01D54E43900574D3B /* more@2x.png in Resources */,
				8BEFC0551D546B3D00574D3B /* album_back.png in Resources */,
				8BEFC0621D5477D100574D3B /* AlbumPickViewController.xib in Resources */,
				8B4D4B771D48513A00AFD689 /* Assets.xcassets in Resources */,
				8BEFC0671D547FC100574D3B /* album_selected@2x.png in Resources */,
				8B4D4B751D48513A00AFD689 /* Main.storyboard in Resources */,
				8BEFC05D1D546FF700574D3B /* AlbumCollectionViewCell.xib in Resources */,
				8BEFC0661D547FC100574D3B /* album_group_right@2x.png in Resources */,
				8BEFC0A91D54E53E00574D3B /* slide_indecator@2x.png in Resources */,
				8BEFC09C1D54E43900574D3B /* checkbox_unselected@2x.png in Resources */,
				8BEFC0861D54DC4800574D3B /* FileTableViewCell.xib in Resources */,
				8BEFC06C1D54830D00574D3B /* icon_picture@2x.png in Resources */,
				8BEFC06B1D54830D00574D3B /* icon_movie@2x.png in Resources */,
				8BEFC0991D54E43900574D3B /* back_folder@2x.png in Resources */,
				8BEFC09A1D54E43900574D3B /* cancel@2x.png in Resources */,
				8BEFC0681D547FC100574D3B /* album_unselected@2x.png in Resources */,
			);
			runOnlyForDeploymentPostprocessing = 0;
		};
/* End PBXResourcesBuildPhase section */

/* Begin PBXSourcesBuildPhase section */
		8B4D4B631D48513A00AFD689 /* Sources */ = {
			isa = PBXSourcesBuildPhase;
			buildActionMask = 2147483647;
			files = (
				8B4D4B721D48513A00AFD689 /* ViewController.m in Sources */,
				8BEFC0441D54383300574D3B /* AlbumGroupTableViewCell.m in Sources */,
				8BEFC03B1D54301B00574D3B /* AlbumGroupViewController.m in Sources */,
				8BC98EBE1D4C775100ED6D5F /* SandBoxFileManager.m in Sources */,
				8BEFC0831D54DC4800574D3B /* FilesListHeaderView.m in Sources */,
				8BC98E981D4AF52400ED6D5F /* LJAVPlayerViewController.m in Sources */,
				8BEFC0851D54DC4800574D3B /* FileTableViewCell.m in Sources */,
				8B4D4B6F1D48513A00AFD689 /* AppDelegate.m in Sources */,
				8BEFC08F1D54DF2D00574D3B /* BaseMediaPickerViewController.m in Sources */,
				8BEFC0401D5436F800574D3B /* AlbumGroupModel.m in Sources */,
				8BEFC07F1D54DC4800574D3B /* FileManageViewController.m in Sources */,
				8BEFC0811D54DC4800574D3B /* FileModel.m in Sources */,
				8BEFC0531D543F1B00574D3B /* AlbumItemModel.m in Sources */,
				8BEFC04D1D543EB000574D3B /* AbumModel.m in Sources */,
				8BEFC0581D546E0B00574D3B /* AlbumSelectCollectionView.m in Sources */,
				8B4D4B6C1D48513A00AFD689 /* main.m in Sources */,
				8BEFC05C1D546FF700574D3B /* AlbumCollectionViewCell.m in Sources */,
				8BEFC0611D5477D100574D3B /* AlbumPickViewController.m in Sources */,
				8BEFC06F1D54DB1D00574D3B /* AssetsLibraryUtils.m in Sources */,
			);
			runOnlyForDeploymentPostprocessing = 0;
		};
/* End PBXSourcesBuildPhase section */

/* Begin PBXVariantGroup section */
		8B4D4B731D48513A00AFD689 /* Main.storyboard */ = {
			isa = PBXVariantGroup;
			children = (
				8B4D4B741D48513A00AFD689 /* Base */,
			);
			name = Main.storyboard;
			sourceTree = "<group>";
		};
		8B4D4B781D48513A00AFD689 /* LaunchScreen.storyboard */ = {
			isa = PBXVariantGroup;
			children = (
				8B4D4B791D48513A00AFD689 /* Base */,
			);
			name = LaunchScreen.storyboard;
			sourceTree = "<group>";
		};
/* End PBXVariantGroup section */

/* Begin XCBuildConfiguration section */
		8B4D4B7C1D48513A00AFD689 /* Debug */ = {
			isa = XCBuildConfiguration;
			buildSettings = {
				ALWAYS_SEARCH_USER_PATHS = NO;
				CLANG_ANALYZER_NONNULL = YES;
				CLANG_CXX_LANGUAGE_STANDARD = "gnu++0x";
				CLANG_CXX_LIBRARY = "libc++";
				CLANG_ENABLE_MODULES = YES;
				CLANG_ENABLE_OBJC_ARC = YES;
				CLANG_WARN_BOOL_CONVERSION = YES;
				CLANG_WARN_CONSTANT_CONVERSION = YES;
				CLANG_WARN_DIRECT_OBJC_ISA_USAGE = YES_ERROR;
				CLANG_WARN_EMPTY_BODY = YES;
				CLANG_WARN_ENUM_CONVERSION = YES;
				CLANG_WARN_INT_CONVERSION = YES;
				CLANG_WARN_OBJC_ROOT_CLASS = YES_ERROR;
				CLANG_WARN_UNREACHABLE_CODE = YES;
				CLANG_WARN__DUPLICATE_METHOD_MATCH = YES;
				"CODE_SIGN_IDENTITY[sdk=iphoneos*]" = "iPhone Developer";
				COPY_PHASE_STRIP = NO;
				DEBUG_INFORMATION_FORMAT = dwarf;
				ENABLE_STRICT_OBJC_MSGSEND = YES;
				ENABLE_TESTABILITY = YES;
				GCC_C_LANGUAGE_STANDARD = gnu99;
				GCC_DYNAMIC_NO_PIC = NO;
				GCC_NO_COMMON_BLOCKS = YES;
				GCC_OPTIMIZATION_LEVEL = 0;
				GCC_PREPROCESSOR_DEFINITIONS = (
					"DEBUG=1",
					"$(inherited)",
				);
				GCC_WARN_64_TO_32_BIT_CONVERSION = YES;
				GCC_WARN_ABOUT_RETURN_TYPE = YES_ERROR;
				GCC_WARN_UNDECLARED_SELECTOR = YES;
				GCC_WARN_UNINITIALIZED_AUTOS = YES_AGGRESSIVE;
				GCC_WARN_UNUSED_FUNCTION = YES;
				GCC_WARN_UNUSED_VARIABLE = YES;
				IPHONEOS_DEPLOYMENT_TARGET = 9.3;
				MTL_ENABLE_DEBUG_INFO = YES;
				ONLY_ACTIVE_ARCH = YES;
				SDKROOT = iphoneos;
				TARGETED_DEVICE_FAMILY = "1,2";
			};
			name = Debug;
		};
		8B4D4B7D1D48513A00AFD689 /* Release */ = {
			isa = XCBuildConfiguration;
			buildSettings = {
				ALWAYS_SEARCH_USER_PATHS = NO;
				CLANG_ANALYZER_NONNULL = YES;
				CLANG_CXX_LANGUAGE_STANDARD = "gnu++0x";
				CLANG_CXX_LIBRARY = "libc++";
				CLANG_ENABLE_MODULES = YES;
				CLANG_ENABLE_OBJC_ARC = YES;
				CLANG_WARN_BOOL_CONVERSION = YES;
				CLANG_WARN_CONSTANT_CONVERSION = YES;
				CLANG_WARN_DIRECT_OBJC_ISA_USAGE = YES_ERROR;
				CLANG_WARN_EMPTY_BODY = YES;
				CLANG_WARN_ENUM_CONVERSION = YES;
				CLANG_WARN_INT_CONVERSION = YES;
				CLANG_WARN_OBJC_ROOT_CLASS = YES_ERROR;
				CLANG_WARN_UNREACHABLE_CODE = YES;
				CLANG_WARN__DUPLICATE_METHOD_MATCH = YES;
				"CODE_SIGN_IDENTITY[sdk=iphoneos*]" = "iPhone Developer";
				COPY_PHASE_STRIP = NO;
				DEBUG_INFORMATION_FORMAT = "dwarf-with-dsym";
				ENABLE_NS_ASSERTIONS = NO;
				ENABLE_STRICT_OBJC_MSGSEND = YES;
				GCC_C_LANGUAGE_STANDARD = gnu99;
				GCC_NO_COMMON_BLOCKS = YES;
				GCC_WARN_64_TO_32_BIT_CONVERSION = YES;
				GCC_WARN_ABOUT_RETURN_TYPE = YES_ERROR;
				GCC_WARN_UNDECLARED_SELECTOR = YES;
				GCC_WARN_UNINITIALIZED_AUTOS = YES_AGGRESSIVE;
				GCC_WARN_UNUSED_FUNCTION = YES;
				GCC_WARN_UNUSED_VARIABLE = YES;
				IPHONEOS_DEPLOYMENT_TARGET = 9.3;
				MTL_ENABLE_DEBUG_INFO = NO;
				SDKROOT = iphoneos;
				TARGETED_DEVICE_FAMILY = "1,2";
				VALIDATE_PRODUCT = YES;
			};
			name = Release;
		};
		8B4D4B7F1D48513A00AFD689 /* Debug */ = {
			isa = XCBuildConfiguration;
			buildSettings = {
				ASSETCATALOG_COMPILER_APPICON_NAME = AppIcon;
				INFOPLIST_FILE = MoviePlayer/Info.plist;
				IPHONEOS_DEPLOYMENT_TARGET = 7.0;
				LD_RUNPATH_SEARCH_PATHS = "$(inherited) @executable_path/Frameworks";
				PRODUCT_BUNDLE_IDENTIFIER = cn.ljj.MoviePlayer;
				PRODUCT_NAME = "$(TARGET_NAME)";
			};
			name = Debug;
		};
		8B4D4B801D48513A00AFD689 /* Release */ = {
			isa = XCBuildConfiguration;
			buildSettings = {
				ASSETCATALOG_COMPILER_APPICON_NAME = AppIcon;
				INFOPLIST_FILE = MoviePlayer/Info.plist;
				IPHONEOS_DEPLOYMENT_TARGET = 7.0;
				LD_RUNPATH_SEARCH_PATHS = "$(inherited) @executable_path/Frameworks";
				PRODUCT_BUNDLE_IDENTIFIER = cn.ljj.MoviePlayer;
				PRODUCT_NAME = "$(TARGET_NAME)";
			};
			name = Release;
		};
/* End XCBuildConfiguration section */

/* Begin XCConfigurationList section */
		8B4D4B621D48513900AFD689 /* Build configuration list for PBXProject "MoviePlayer" */ = {
			isa = XCConfigurationList;
			buildConfigurations = (
				8B4D4B7C1D48513A00AFD689 /* Debug */,
				8B4D4B7D1D48513A00AFD689 /* Release */,
			);
			defaultConfigurationIsVisible = 0;
			defaultConfigurationName = Release;
		};
		8B4D4B7E1D48513A00AFD689 /* Build configuration list for PBXNativeTarget "MoviePlayer" */ = {
			isa = XCConfigurationList;
			buildConfigurations = (
				8B4D4B7F1D48513A00AFD689 /* Debug */,
				8B4D4B801D48513A00AFD689 /* Release */,
			);
			defaultConfigurationIsVisible = 0;
			defaultConfigurationName = Release;
		};
/* End XCConfigurationList section */
	};
	rootObject = 8B4D4B5F1D48513900AFD689 /* Project object */;
}
