// !$*UTF8*$!
{
	archiveVersion = 1;
	classes = {
	};
	objectVersion = 46;
	objects = {

/* Begin PBXBuildFile section */
		8B1B4D141D50CEC900001C02 /* FilesListHeaderView.xib in Resources */ = {isa = PBXBuildFile; fileRef = 8B1B4D131D50CEC900001C02 /* FilesListHeaderView.xib */; };
		8B1B4D171D50CEDD00001C02 /* FilesListHeaderView.m in Sources */ = {isa = PBXBuildFile; fileRef = 8B1B4D161D50CEDD00001C02 /* FilesListHeaderView.m */; };
		8B4D4B6C1D48513A00AFD689 /* main.m in Sources */ = {isa = PBXBuildFile; fileRef = 8B4D4B6B1D48513A00AFD689 /* main.m */; };
		8B4D4B6F1D48513A00AFD689 /* AppDelegate.m in Sources */ = {isa = PBXBuildFile; fileRef = 8B4D4B6E1D48513A00AFD689 /* AppDelegate.m */; };
		8B4D4B721D48513A00AFD689 /* ViewController.m in Sources */ = {isa = PBXBuildFile; fileRef = 8B4D4B711D48513A00AFD689 /* ViewController.m */; };
		8B4D4B751D48513A00AFD689 /* Main.storyboard in Resources */ = {isa = PBXBuildFile; fileRef = 8B4D4B731D48513A00AFD689 /* Main.storyboard */; };
		8B4D4B771D48513A00AFD689 /* Assets.xcassets in Resources */ = {isa = PBXBuildFile; fileRef = 8B4D4B761D48513A00AFD689 /* Assets.xcassets */; };
		8B4D4B7A1D48513A00AFD689 /* LaunchScreen.storyboard in Resources */ = {isa = PBXBuildFile; fileRef = 8B4D4B781D48513A00AFD689 /* LaunchScreen.storyboard */; };
		8B4D4B841D4857E900AFD689 /* IMG_0054.MOV in Resources */ = {isa = PBXBuildFile; fileRef = 8B4D4B831D4857E900AFD689 /* IMG_0054.MOV */; };
		8B4D4B8B1D489C7300AFD689 /* AVFoundation.framework in Frameworks */ = {isa = PBXBuildFile; fileRef = 8B4D4B8A1D489C7300AFD689 /* AVFoundation.framework */; };
		8B4D4BB11D49B3C400AFD689 /* Assets.xcassets in Resources */ = {isa = PBXBuildFile; fileRef = 8B4D4BAD1D49B3C400AFD689 /* Assets.xcassets */; };
		8BC98E981D4AF52400ED6D5F /* LJAVPlayerViewController.m in Sources */ = {isa = PBXBuildFile; fileRef = 8BC98E971D4AF52400ED6D5F /* LJAVPlayerViewController.m */; };
		8BC98EAE1D4C44C800ED6D5F /* FileManageViewController.m in Sources */ = {isa = PBXBuildFile; fileRef = 8BC98EA91D4C44C800ED6D5F /* FileManageViewController.m */; };
		8BC98EAF1D4C44C800ED6D5F /* FileManageViewController.xib in Resources */ = {isa = PBXBuildFile; fileRef = 8BC98EAA1D4C44C800ED6D5F /* FileManageViewController.xib */; };
		8BC98EB01D4C44C800ED6D5F /* Assets.xcassets in Resources */ = {isa = PBXBuildFile; fileRef = 8BC98EAD1D4C44C800ED6D5F /* Assets.xcassets */; };
		8BC98EB31D4C452900ED6D5F /* FileModel.m in Sources */ = {isa = PBXBuildFile; fileRef = 8BC98EB21D4C452900ED6D5F /* FileModel.m */; };
		8BC98EBA1D4C470900ED6D5F /* FileTableViewCell.m in Sources */ = {isa = PBXBuildFile; fileRef = 8BC98EB81D4C470900ED6D5F /* FileTableViewCell.m */; };
		8BC98EBB1D4C470900ED6D5F /* FileTableViewCell.xib in Resources */ = {isa = PBXBuildFile; fileRef = 8BC98EB91D4C470900ED6D5F /* FileTableViewCell.xib */; };
		8BC98EBE1D4C775100ED6D5F /* SandBoxFileManager.m in Sources */ = {isa = PBXBuildFile; fileRef = 8BC98EBD1D4C775100ED6D5F /* SandBoxFileManager.m */; };
		8BC98ECC1D4DDF2000ED6D5F /* AssetsLibrary.framework in Frameworks */ = {isa = PBXBuildFile; fileRef = 8BC98ECB1D4DDF2000ED6D5F /* AssetsLibrary.framework */; };
/* End PBXBuildFile section */

/* Begin PBXFileReference section */
		8B1B4D131D50CEC900001C02 /* FilesListHeaderView.xib */ = {isa = PBXFileReference; fileEncoding = 4; lastKnownFileType = file.xib; path = FilesListHeaderView.xib; sourceTree = "<group>"; };
		8B1B4D151D50CEDD00001C02 /* FilesListHeaderView.h */ = {isa = PBXFileReference; fileEncoding = 4; lastKnownFileType = sourcecode.c.h; path = FilesListHeaderView.h; sourceTree = "<group>"; };
		8B1B4D161D50CEDD00001C02 /* FilesListHeaderView.m */ = {isa = PBXFileReference; fileEncoding = 4; lastKnownFileType = sourcecode.c.objc; path = FilesListHeaderView.m; sourceTree = "<group>"; };
		8B4D4B671D48513A00AFD689 /* MoviePlayer.app */ = {isa = PBXFileReference; explicitFileType = wrapper.application; includeInIndex = 0; path = MoviePlayer.app; sourceTree = BUILT_PRODUCTS_DIR; };
		8B4D4B6B1D48513A00AFD689 /* main.m */ = {isa = PBXFileReference; lastKnownFileType = sourcecode.c.objc; path = main.m; sourceTree = "<group>"; };
		8B4D4B6D1D48513A00AFD689 /* AppDelegate.h */ = {isa = PBXFileReference; lastKnownFileType = sourcecode.c.h; path = AppDelegate.h; sourceTree = "<group>"; };
		8B4D4B6E1D48513A00AFD689 /* AppDelegate.m */ = {isa = PBXFileReference; lastKnownFileType = sourcecode.c.objc; path = AppDelegate.m; sourceTree = "<group>"; };
		8B4D4B701D48513A00AFD689 /* ViewController.h */ = {isa = PBXFileReference; lastKnownFileType = sourcecode.c.h; path = ViewController.h; sourceTree = "<group>"; };
		8B4D4B711D48513A00AFD689 /* ViewController.m */ = {isa = PBXFileReference; lastKnownFileType = sourcecode.c.objc; path = ViewController.m; sourceTree = "<group>"; };
		8B4D4B741D48513A00AFD689 /* Base */ = {isa = PBXFileReference; lastKnownFileType = file.storyboard; name = Base; path = Base.lproj/Main.storyboard; sourceTree = "<group>"; };
		8B4D4B761D48513A00AFD689 /* Assets.xcassets */ = {isa = PBXFileReference; lastKnownFileType = folder.assetcatalog; path = Assets.xcassets; sourceTree = "<group>"; };
		8B4D4B791D48513A00AFD689 /* Base */ = {isa = PBXFileReference; lastKnownFileType = file.storyboard; name = Base; path = Base.lproj/LaunchScreen.storyboard; sourceTree = "<group>"; };
		8B4D4B7B1D48513A00AFD689 /* Info.plist */ = {isa = PBXFileReference; lastKnownFileType = text.plist.xml; path = Info.plist; sourceTree = "<group>"; };
		8B4D4B831D4857E900AFD689 /* IMG_0054.MOV */ = {isa = PBXFileReference; lastKnownFileType = video.quicktime; name = IMG_0054.MOV; path = ../../../../../Documents/IMG_0054.MOV; sourceTree = "<group>"; };
		8B4D4B8A1D489C7300AFD689 /* AVFoundation.framework */ = {isa = PBXFileReference; lastKnownFileType = wrapper.framework; name = AVFoundation.framework; path = System/Library/Frameworks/AVFoundation.framework; sourceTree = SDKROOT; };
		8B4D4BAD1D49B3C400AFD689 /* Assets.xcassets */ = {isa = PBXFileReference; lastKnownFileType = folder.assetcatalog; path = Assets.xcassets; sourceTree = "<group>"; };
		8BC98E961D4AF52400ED6D5F /* LJAVPlayerViewController.h */ = {isa = PBXFileReference; fileEncoding = 4; lastKnownFileType = sourcecode.c.h; path = LJAVPlayerViewController.h; sourceTree = "<group>"; };
		8BC98E971D4AF52400ED6D5F /* LJAVPlayerViewController.m */ = {isa = PBXFileReference; fileEncoding = 4; lastKnownFileType = sourcecode.c.objc; path = LJAVPlayerViewController.m; sourceTree = "<group>"; };
		8BC98EA81D4C44C800ED6D5F /* FileManageViewController.h */ = {isa = PBXFileReference; fileEncoding = 4; lastKnownFileType = sourcecode.c.h; path = FileManageViewController.h; sourceTree = "<group>"; };
		8BC98EA91D4C44C800ED6D5F /* FileManageViewController.m */ = {isa = PBXFileReference; fileEncoding = 4; lastKnownFileType = sourcecode.c.objc; path = FileManageViewController.m; sourceTree = "<group>"; };
		8BC98EAA1D4C44C800ED6D5F /* FileManageViewController.xib */ = {isa = PBXFileReference; fileEncoding = 4; lastKnownFileType = file.xib; path = FileManageViewController.xib; sourceTree = "<group>"; };
		8BC98EAD1D4C44C800ED6D5F /* Assets.xcassets */ = {isa = PBXFileReference; lastKnownFileType = folder.assetcatalog; path = Assets.xcassets; sourceTree = "<group>"; };
		8BC98EB11D4C452900ED6D5F /* FileModel.h */ = {isa = PBXFileReference; fileEncoding = 4; lastKnownFileType = sourcecode.c.h; path = FileModel.h; sourceTree = "<group>"; };
		8BC98EB21D4C452900ED6D5F /* FileModel.m */ = {isa = PBXFileReference; fileEncoding = 4; lastKnownFileType = sourcecode.c.objc; path = FileModel.m; sourceTree = "<group>"; };
		8BC98EB71D4C470900ED6D5F /* FileTableViewCell.h */ = {isa = PBXFileReference; fileEncoding = 4; lastKnownFileType = sourcecode.c.h; path = FileTableViewCell.h; sourceTree = "<group>"; };
		8BC98EB81D4C470900ED6D5F /* FileTableViewCell.m */ = {isa = PBXFileReference; fileEncoding = 4; lastKnownFileType = sourcecode.c.objc; path = FileTableViewCell.m; sourceTree = "<group>"; };
		8BC98EB91D4C470900ED6D5F /* FileTableViewCell.xib */ = {isa = PBXFileReference; fileEncoding = 4; lastKnownFileType = file.xib; path = FileTableViewCell.xib; sourceTree = "<group>"; };
		8BC98EBC1D4C775100ED6D5F /* SandBoxFileManager.h */ = {isa = PBXFileReference; fileEncoding = 4; lastKnownFileType = sourcecode.c.h; path = SandBoxFileManager.h; sourceTree = "<group>"; };
		8BC98EBD1D4C775100ED6D5F /* SandBoxFileManager.m */ = {isa = PBXFileReference; fileEncoding = 4; lastKnownFileType = sourcecode.c.objc; path = SandBoxFileManager.m; sourceTree = "<group>"; };
		8BC98ECB1D4DDF2000ED6D5F /* AssetsLibrary.framework */ = {isa = PBXFileReference; lastKnownFileType = wrapper.framework; name = AssetsLibrary.framework; path = System/Library/Frameworks/AssetsLibrary.framework; sourceTree = SDKROOT; };
/* End PBXFileReference section */

/* Begin PBXFrameworksBuildPhase section */
		8B4D4B641D48513A00AFD689 /* Frameworks */ = {
			isa = PBXFrameworksBuildPhase;
			buildActionMask = 2147483647;
			files = (
				8BC98ECC1D4DDF2000ED6D5F /* AssetsLibrary.framework in Frameworks */,
				8B4D4B8B1D489C7300AFD689 /* AVFoundation.framework in Frameworks */,
			);
			runOnlyForDeploymentPostprocessing = 0;
		};
/* End PBXFrameworksBuildPhase section */

/* Begin PBXGroup section */
		8B4D4B5E1D48513900AFD689 = {
			isa = PBXGroup;
			children = (
				8BC98ECB1D4DDF2000ED6D5F /* AssetsLibrary.framework */,
				8B4D4B8A1D489C7300AFD689 /* AVFoundation.framework */,
				8B4D4B691D48513A00AFD689 /* MoviePlayer */,
				8B4D4B681D48513A00AFD689 /* Products */,
			);
			sourceTree = "<group>";
		};
		8B4D4B681D48513A00AFD689 /* Products */ = {
			isa = PBXGroup;
			children = (
				8B4D4B671D48513A00AFD689 /* MoviePlayer.app */,
			);
			name = Products;
			sourceTree = "<group>";
		};
		8B4D4B691D48513A00AFD689 /* MoviePlayer */ = {
			isa = PBXGroup;
			children = (
				8BC98E9F1D4B9C6B00ED6D5F /* LJFileManager */,
				8B4D4BAC1D49B3C400AFD689 /* LJAVPlayer */,
				8B4D4B831D4857E900AFD689 /* IMG_0054.MOV */,
				8B4D4B6D1D48513A00AFD689 /* AppDelegate.h */,
				8B4D4B6E1D48513A00AFD689 /* AppDelegate.m */,
				8B4D4B701D48513A00AFD689 /* ViewController.h */,
				8B4D4B711D48513A00AFD689 /* ViewController.m */,
				8B4D4B731D48513A00AFD689 /* Main.storyboard */,
				8B4D4B761D48513A00AFD689 /* Assets.xcassets */,
				8B4D4B781D48513A00AFD689 /* LaunchScreen.storyboard */,
				8B4D4B7B1D48513A00AFD689 /* Info.plist */,
				8B4D4B6A1D48513A00AFD689 /* Supporting Files */,
			);
			path = MoviePlayer;
			sourceTree = "<group>";
		};
		8B4D4B6A1D48513A00AFD689 /* Supporting Files */ = {
			isa = PBXGroup;
			children = (
				8B4D4B6B1D48513A00AFD689 /* main.m */,
			);
			name = "Supporting Files";
			sourceTree = "<group>";
		};
		8B4D4BAC1D49B3C400AFD689 /* LJAVPlayer */ = {
			isa = PBXGroup;
			children = (
				8BC98E961D4AF52400ED6D5F /* LJAVPlayerViewController.h */,
				8BC98E971D4AF52400ED6D5F /* LJAVPlayerViewController.m */,
				8B4D4BAD1D49B3C400AFD689 /* Assets.xcassets */,
			);
			path = LJAVPlayer;
			sourceTree = "<group>";
		};
		8BC98E9F1D4B9C6B00ED6D5F /* LJFileManager */ = {
			isa = PBXGroup;
			children = (
				8BC98EA71D4C44C800ED6D5F /* controller */,
				8BC98EAB1D4C44C800ED6D5F /* model */,
				8BC98EAC1D4C44C800ED6D5F /* view */,
				8BC98EBC1D4C775100ED6D5F /* SandBoxFileManager.h */,
				8BC98EBD1D4C775100ED6D5F /* SandBoxFileManager.m */,
			);
			path = LJFileManager;
			sourceTree = "<group>";
		};
		8BC98EA71D4C44C800ED6D5F /* controller */ = {
			isa = PBXGroup;
			children = (
				8BC98EA81D4C44C800ED6D5F /* FileManageViewController.h */,
				8BC98EA91D4C44C800ED6D5F /* FileManageViewController.m */,
				8BC98EAA1D4C44C800ED6D5F /* FileManageViewController.xib */,
			);
			path = controller;
			sourceTree = "<group>";
		};
		8BC98EAB1D4C44C800ED6D5F /* model */ = {
			isa = PBXGroup;
			children = (
				8BC98EB11D4C452900ED6D5F /* FileModel.h */,
				8BC98EB21D4C452900ED6D5F /* FileModel.m */,
			);
			path = model;
			sourceTree = "<group>";
		};
		8BC98EAC1D4C44C800ED6D5F /* view */ = {
			isa = PBXGroup;
			children = (
				8BC98EAD1D4C44C800ED6D5F /* Assets.xcassets */,
				8BC98EB71D4C470900ED6D5F /* FileTableViewCell.h */,
				8BC98EB81D4C470900ED6D5F /* FileTableViewCell.m */,
				8BC98EB91D4C470900ED6D5F /* FileTableViewCell.xib */,
				8B1B4D131D50CEC900001C02 /* FilesListHeaderView.xib */,
				8B1B4D151D50CEDD00001C02 /* FilesListHeaderView.h */,
				8B1B4D161D50CEDD00001C02 /* FilesListHeaderView.m */,
			);
			path = view;
			sourceTree = "<group>";
		};
/* End PBXGroup section */

/* Begin PBXNativeTarget section */
		8B4D4B661D48513A00AFD689 /* MoviePlayer */ = {
			isa = PBXNativeTarget;
			buildConfigurationList = 8B4D4B7E1D48513A00AFD689 /* Build configuration list for PBXNativeTarget "MoviePlayer" */;
			buildPhases = (
				8B4D4B631D48513A00AFD689 /* Sources */,
				8B4D4B641D48513A00AFD689 /* Frameworks */,
				8B4D4B651D48513A00AFD689 /* Resources */,
			);
			buildRules = (
			);
			dependencies = (
			);
			name = MoviePlayer;
			productName = MoviePlayer;
			productReference = 8B4D4B671D48513A00AFD689 /* MoviePlayer.app */;
			productType = "com.apple.product-type.application";
		};
/* End PBXNativeTarget section */

/* Begin PBXProject section */
		8B4D4B5F1D48513900AFD689 /* Project object */ = {
			isa = PBXProject;
			attributes = {
				LastUpgradeCheck = 0730;
				ORGANIZATIONNAME = cn.ljj;
				TargetAttributes = {
					8B4D4B661D48513A00AFD689 = {
						CreatedOnToolsVersion = 7.3.1;
					};
				};
			};
			buildConfigurationList = 8B4D4B621D48513900AFD689 /* Build configuration list for PBXProject "MoviePlayer" */;
			compatibilityVersion = "Xcode 3.2";
			developmentRegion = English;
			hasScannedForEncodings = 0;
			knownRegions = (
				en,
				Base,
			);
			mainGroup = 8B4D4B5E1D48513900AFD689;
			productRefGroup = 8B4D4B681D48513A00AFD689 /* Products */;
			projectDirPath = "";
			projectRoot = "";
			targets = (
				8B4D4B661D48513A00AFD689 /* MoviePlayer */,
			);
		};
/* End PBXProject section */

/* Begin PBXResourcesBuildPhase section */
		8B4D4B651D48513A00AFD689 /* Resources */ = {
			isa = PBXResourcesBuildPhase;
			buildActionMask = 2147483647;
			files = (
				8B1B4D141D50CEC900001C02 /* FilesListHeaderView.xib in Resources */,
				8B4D4B7A1D48513A00AFD689 /* LaunchScreen.storyboard in Resources */,
				8BC98EBB1D4C470900ED6D5F /* FileTableViewCell.xib in Resources */,
				8B4D4B841D4857E900AFD689 /* IMG_0054.MOV in Resources */,
				8BC98EAF1D4C44C800ED6D5F /* FileManageViewController.xib in Resources */,
				8B4D4B771D48513A00AFD689 /* Assets.xcassets in Resources */,
				8BC98EB01D4C44C800ED6D5F /* Assets.xcassets in Resources */,
				8B4D4B751D48513A00AFD689 /* Main.storyboard in Resources */,
				8B4D4BB11D49B3C400AFD689 /* Assets.xcassets in Resources */,
			);
			runOnlyForDeploymentPostprocessing = 0;
		};
/* End PBXResourcesBuildPhase section */

/* Begin PBXSourcesBuildPhase section */
		8B4D4B631D48513A00AFD689 /* Sources */ = {
			isa = PBXSourcesBuildPhase;
			buildActionMask = 2147483647;
			files = (
				8B4D4B721D48513A00AFD689 /* ViewController.m in Sources */,
				8BC98EBE1D4C775100ED6D5F /* SandBoxFileManager.m in Sources */,
				8B1B4D171D50CEDD00001C02 /* FilesListHeaderView.m in Sources */,
				8BC98E981D4AF52400ED6D5F /* LJAVPlayerViewController.m in Sources */,
				8B4D4B6F1D48513A00AFD689 /* AppDelegate.m in Sources */,
				8BC98EB31D4C452900ED6D5F /* FileModel.m in Sources */,
				8BC98EAE1D4C44C800ED6D5F /* FileManageViewController.m in Sources */,
				8BC98EBA1D4C470900ED6D5F /* FileTableViewCell.m in Sources */,
				8B4D4B6C1D48513A00AFD689 /* main.m in Sources */,
			);
			runOnlyForDeploymentPostprocessing = 0;
		};
/* End PBXSourcesBuildPhase section */

/* Begin PBXVariantGroup section */
		8B4D4B731D48513A00AFD689 /* Main.storyboard */ = {
			isa = PBXVariantGroup;
			children = (
				8B4D4B741D48513A00AFD689 /* Base */,
			);
			name = Main.storyboard;
			sourceTree = "<group>";
		};
		8B4D4B781D48513A00AFD689 /* LaunchScreen.storyboard */ = {
			isa = PBXVariantGroup;
			children = (
				8B4D4B791D48513A00AFD689 /* Base */,
			);
			name = LaunchScreen.storyboard;
			sourceTree = "<group>";
		};
/* End PBXVariantGroup section */

/* Begin XCBuildConfiguration section */
		8B4D4B7C1D48513A00AFD689 /* Debug */ = {
			isa = XCBuildConfiguration;
			buildSettings = {
				ALWAYS_SEARCH_USER_PATHS = NO;
				CLANG_ANALYZER_NONNULL = YES;
				CLANG_CXX_LANGUAGE_STANDARD = "gnu++0x";
				CLANG_CXX_LIBRARY = "libc++";
				CLANG_ENABLE_MODULES = YES;
				CLANG_ENABLE_OBJC_ARC = YES;
				CLANG_WARN_BOOL_CONVERSION = YES;
				CLANG_WARN_CONSTANT_CONVERSION = YES;
				CLANG_WARN_DIRECT_OBJC_ISA_USAGE = YES_ERROR;
				CLANG_WARN_EMPTY_BODY = YES;
				CLANG_WARN_ENUM_CONVERSION = YES;
				CLANG_WARN_INT_CONVERSION = YES;
				CLANG_WARN_OBJC_ROOT_CLASS = YES_ERROR;
				CLANG_WARN_UNREACHABLE_CODE = YES;
				CLANG_WARN__DUPLICATE_METHOD_MATCH = YES;
				"CODE_SIGN_IDENTITY[sdk=iphoneos*]" = "iPhone Developer";
				COPY_PHASE_STRIP = NO;
				DEBUG_INFORMATION_FORMAT = dwarf;
				ENABLE_STRICT_OBJC_MSGSEND = YES;
				ENABLE_TESTABILITY = YES;
				GCC_C_LANGUAGE_STANDARD = gnu99;
				GCC_DYNAMIC_NO_PIC = NO;
				GCC_NO_COMMON_BLOCKS = YES;
				GCC_OPTIMIZATION_LEVEL = 0;
				GCC_PREPROCESSOR_DEFINITIONS = (
					"DEBUG=1",
					"$(inherited)",
				);
				GCC_WARN_64_TO_32_BIT_CONVERSION = YES;
				GCC_WARN_ABOUT_RETURN_TYPE = YES_ERROR;
				GCC_WARN_UNDECLARED_SELECTOR = YES;
				GCC_WARN_UNINITIALIZED_AUTOS = YES_AGGRESSIVE;
				GCC_WARN_UNUSED_FUNCTION = YES;
				GCC_WARN_UNUSED_VARIABLE = YES;
				IPHONEOS_DEPLOYMENT_TARGET = 9.3;
				MTL_ENABLE_DEBUG_INFO = YES;
				ONLY_ACTIVE_ARCH = YES;
				SDKROOT = iphoneos;
				TARGETED_DEVICE_FAMILY = "1,2";
			};
			name = Debug;
		};
		8B4D4B7D1D48513A00AFD689 /* Release */ = {
			isa = XCBuildConfiguration;
			buildSettings = {
				ALWAYS_SEARCH_USER_PATHS = NO;
				CLANG_ANALYZER_NONNULL = YES;
				CLANG_CXX_LANGUAGE_STANDARD = "gnu++0x";
				CLANG_CXX_LIBRARY = "libc++";
				CLANG_ENABLE_MODULES = YES;
				CLANG_ENABLE_OBJC_ARC = YES;
				CLANG_WARN_BOOL_CONVERSION = YES;
				CLANG_WARN_CONSTANT_CONVERSION = YES;
				CLANG_WARN_DIRECT_OBJC_ISA_USAGE = YES_ERROR;
				CLANG_WARN_EMPTY_BODY = YES;
				CLANG_WARN_ENUM_CONVERSION = YES;
				CLANG_WARN_INT_CONVERSION = YES;
				CLANG_WARN_OBJC_ROOT_CLASS = YES_ERROR;
				CLANG_WARN_UNREACHABLE_CODE = YES;
				CLANG_WARN__DUPLICATE_METHOD_MATCH = YES;
				"CODE_SIGN_IDENTITY[sdk=iphoneos*]" = "iPhone Developer";
				COPY_PHASE_STRIP = NO;
				DEBUG_INFORMATION_FORMAT = "dwarf-with-dsym";
				ENABLE_NS_ASSERTIONS = NO;
				ENABLE_STRICT_OBJC_MSGSEND = YES;
				GCC_C_LANGUAGE_STANDARD = gnu99;
				GCC_NO_COMMON_BLOCKS = YES;
				GCC_WARN_64_TO_32_BIT_CONVERSION = YES;
				GCC_WARN_ABOUT_RETURN_TYPE = YES_ERROR;
				GCC_WARN_UNDECLARED_SELECTOR = YES;
				GCC_WARN_UNINITIALIZED_AUTOS = YES_AGGRESSIVE;
				GCC_WARN_UNUSED_FUNCTION = YES;
				GCC_WARN_UNUSED_VARIABLE = YES;
				IPHONEOS_DEPLOYMENT_TARGET = 9.3;
				MTL_ENABLE_DEBUG_INFO = NO;
				SDKROOT = iphoneos;
				TARGETED_DEVICE_FAMILY = "1,2";
				VALIDATE_PRODUCT = YES;
			};
			name = Release;
		};
		8B4D4B7F1D48513A00AFD689 /* Debug */ = {
			isa = XCBuildConfiguration;
			buildSettings = {
				ASSETCATALOG_COMPILER_APPICON_NAME = AppIcon;
				INFOPLIST_FILE = MoviePlayer/Info.plist;
				LD_RUNPATH_SEARCH_PATHS = "$(inherited) @executable_path/Frameworks";
				PRODUCT_BUNDLE_IDENTIFIER = cn.ljj.MoviePlayer;
				PRODUCT_NAME = "$(TARGET_NAME)";
			};
			name = Debug;
		};
		8B4D4B801D48513A00AFD689 /* Release */ = {
			isa = XCBuildConfiguration;
			buildSettings = {
				ASSETCATALOG_COMPILER_APPICON_NAME = AppIcon;
				INFOPLIST_FILE = MoviePlayer/Info.plist;
				LD_RUNPATH_SEARCH_PATHS = "$(inherited) @executable_path/Frameworks";
				PRODUCT_BUNDLE_IDENTIFIER = cn.ljj.MoviePlayer;
				PRODUCT_NAME = "$(TARGET_NAME)";
			};
			name = Release;
		};
/* End XCBuildConfiguration section */

/* Begin XCConfigurationList section */
		8B4D4B621D48513900AFD689 /* Build configuration list for PBXProject "MoviePlayer" */ = {
			isa = XCConfigurationList;
			buildConfigurations = (
				8B4D4B7C1D48513A00AFD689 /* Debug */,
				8B4D4B7D1D48513A00AFD689 /* Release */,
			);
			defaultConfigurationIsVisible = 0;
			defaultConfigurationName = Release;
		};
		8B4D4B7E1D48513A00AFD689 /* Build configuration list for PBXNativeTarget "MoviePlayer" */ = {
			isa = XCConfigurationList;
			buildConfigurations = (
				8B4D4B7F1D48513A00AFD689 /* Debug */,
				8B4D4B801D48513A00AFD689 /* Release */,
			);
			defaultConfigurationIsVisible = 0;
			defaultConfigurationName = Release;
		};
/* End XCConfigurationList section */
	};
	rootObject = 8B4D4B5F1D48513900AFD689 /* Project object */;
}
